
Microsoft Visual Studio Solution File, Format Version 12.00
# Visual Studio 15
VisualStudioVersion = 15.0.27703.2026
MinimumVisualStudioVersion = 10.0.40219.1
Project("{FAE04EC0-301F-11D3-BF4B-00C04F79EFBC}") = "Artifact", "Artifact\Artifact.csproj", "{CA313C70-997F-4238-80BE-C37FCB4D45F1}"
EndProject
Global
	GlobalSection(SolutionConfigurationPlatforms) = preSolution
		Debug|Any CPU = Debug|Any CPU
		Release|Any CPU = Release|Any CPU
	EndGlobalSection
	GlobalSection(ProjectConfigurationPlatforms) = postSolution
		{CA313C70-997F-4238-80BE-C37FCB4D45F1}.Debug|Any CPU.ActiveCfg = Debug|Any CPU
		{CA313C70-997F-4238-80BE-C37FCB4D45F1}.Debug|Any CPU.Build.0 = Debug|Any CPU
		{CA313C70-997F-4238-80BE-C37FCB4D45F1}.Release|Any CPU.ActiveCfg = Release|Any CPU
		{CA313C70-997F-4238-80BE-C37FCB4D45F1}.Release|Any CPU.Build.0 = Release|Any CPU
	EndGlobalSection
	GlobalSection(SolutionProperties) = preSolution
		HideSolutionNode = FALSE
	EndGlobalSection
	GlobalSection(ExtensibilityGlobals) = postSolution
		SolutionGuid = {718F4E4D-633B-4A42-8F9F-8A83AD859BB1}
	EndGlobalSection
EndGlobal
